
Microsoft Visual Studio Solution File, Format Version 12.00
# Visual Studio Version 16
VisualStudioVersion = 16.0.29324.140
MinimumVisualStudioVersion = 10.0.40219.1
Project("{FAE04EC0-301F-11D3-BF4B-00C04F79EFBC}") = "Course", "Course\Course.csproj", "{4C176CF4-79EE-46B8-9493-F84F19C0F22F}"
EndProject
Global
	GlobalSection(SolutionConfigurationPlatforms) = preSolution
		Debug|Any CPU = Debug|Any CPU
		Release|Any CPU = Release|Any CPU
	EndGlobalSection
	GlobalSection(ProjectConfigurationPlatforms) = postSolution
		{4C176CF4-79EE-46B8-9493-F84F19C0F22F}.Debug|Any CPU.ActiveCfg = Debug|Any CPU
		{4C176CF4-79EE-46B8-9493-F84F19C0F22F}.Debug|Any CPU.Build.0 = Debug|Any CPU
		{4C176CF4-79EE-46B8-9493-F84F19C0F22F}.Release|Any CPU.ActiveCfg = Release|Any CPU
		{4C176CF4-79EE-46B8-9493-F84F19C0F22F}.Release|Any CPU.Build.0 = Release|Any CPU
	EndGlobalSection
	GlobalSection(SolutionProperties) = preSolution
		HideSolutionNode = FALSE
	EndGlobalSection
	GlobalSection(ExtensibilityGlobals) = postSolution
		SolutionGuid = {010EB2D7-608C-441A-80A0-1A965A3101A5}
	EndGlobalSection
EndGlobal
